Microsoft Visual Studio Solution File, Format Version 1.00
Project("{66355F20-A65B-11D0-BFB5-00A0C91EBFA0}") = "AppletJarra", "AppletJarra.vjp", "{731FDD80-A06B-11D4-8028-C49BA55BB45B}"
EndProject
Global
	GlobalSection(LocalDeployment) = postSolution
		StartupProject = {731FDD80-A06B-11D4-8028-C49BA55BB45B}
	EndGlobalSection
	GlobalSection(BuildOrder) = postSolution
		0 = {731FDD80-A06B-11D4-8028-C49BA55BB45B}
	EndGlobalSection
	GlobalSection(DeploymentRoot) = postSolution
	EndGlobalSection
EndGlobal
